
Microsoft Visual Studio Solution File, Format Version 12.00
# Visual Studio Version 17
VisualStudioVersion = 17.9.34616.47
MinimumVisualStudioVersion = 10.0.40219.1
Project("{FAE04EC0-301F-11D3-BF4B-00C04F79EFBC}") = "ASP.API", "ASP.API\ASP.API.csproj", "{D3BED4B1-B8A0-4AFD-A5CD-EF5C46E1DEF0}"
EndProject
Global
	GlobalSection(SolutionConfigurationPlatforms) = preSolution
		Debug|Any CPU = Debug|Any CPU
		Release|Any CPU = Release|Any CPU
	EndGlobalSection
	GlobalSection(ProjectConfigurationPlatforms) = postSolution
		{D3BED4B1-B8A0-4AFD-A5CD-EF5C46E1DEF0}.Debug|Any CPU.ActiveCfg = Debug|Any CPU
		{D3BED4B1-B8A0-4AFD-A5CD-EF5C46E1DEF0}.Debug|Any CPU.Build.0 = Debug|Any CPU
		{D3BED4B1-B8A0-4AFD-A5CD-EF5C46E1DEF0}.Release|Any CPU.ActiveCfg = Release|Any CPU
		{D3BED4B1-B8A0-4AFD-A5CD-EF5C46E1DEF0}.Release|Any CPU.Build.0 = Release|Any CPU
	EndGlobalSection
	GlobalSection(SolutionProperties) = preSolution
		HideSolutionNode = FALSE
	EndGlobalSection
	GlobalSection(ExtensibilityGlobals) = postSolution
		SolutionGuid = {5DBEEC85-1081-4076-98B8-5B5F1C3E6671}
	EndGlobalSection
EndGlobal
